{
  "requires": true,
  "lockfileVersion": 1,
  "dependencies": {
    "template-literal": {
      "version": "1.0.2",
      "resolved": "https://registry.npmjs.org/template-literal/-/template-literal-1.0.2.tgz",
      "integrity": "sha512-t3t6yfwHAXBukpbFJmVsfiJAP8a9moo8egJIv/OswI8XNgI89IJKOCFKoeKGbbdZfCRORBf409xkbpS0hYGELg=="
    }
  }
}
